
Microsoft Visual Studio Solution File, Format Version 12.00
# Visual Studio 15
Project("{FAE04EC0-301F-11D3-BF4B-00C04F79EFBC}") = "AI_Class_13_Project", "Assembly-CSharp.csproj", "{FF905E12-B0FB-9604-C87F-0FEC1FA846FE}"
EndProject
Project("{FAE04EC0-301F-11D3-BF4B-00C04F79EFBC}") = "AI_Class_13_Project", "Assembly-CSharp-Editor.csproj", "{802EB8D1-3DE9-DE9B-A846-054E71F5DDF9}"
EndProject
Global
	GlobalSection(SolutionConfigurationPlatforms) = preSolution
		Debug|Any CPU = Debug|Any CPU
		Release|Any CPU = Release|Any CPU
	EndGlobalSection
	GlobalSection(ProjectConfigurationPlatforms) = postSolution
		{FF905E12-B0FB-9604-C87F-0FEC1FA846FE}.Debug|Any CPU.ActiveCfg = Debug|Any CPU
		{FF905E12-B0FB-9604-C87F-0FEC1FA846FE}.Debug|Any CPU.Build.0 = Debug|Any CPU
		{FF905E12-B0FB-9604-C87F-0FEC1FA846FE}.Release|Any CPU.ActiveCfg = Release|Any CPU
		{FF905E12-B0FB-9604-C87F-0FEC1FA846FE}.Release|Any CPU.Build.0 = Release|Any CPU
		{802EB8D1-3DE9-DE9B-A846-054E71F5DDF9}.Debug|Any CPU.ActiveCfg = Debug|Any CPU
		{802EB8D1-3DE9-DE9B-A846-054E71F5DDF9}.Debug|Any CPU.Build.0 = Debug|Any CPU
		{802EB8D1-3DE9-DE9B-A846-054E71F5DDF9}.Release|Any CPU.ActiveCfg = Release|Any CPU
		{802EB8D1-3DE9-DE9B-A846-054E71F5DDF9}.Release|Any CPU.Build.0 = Release|Any CPU
	EndGlobalSection
	GlobalSection(SolutionProperties) = preSolution
		HideSolutionNode = FALSE
	EndGlobalSection
EndGlobal
